// !$*UTF8*$!
{
	archiveVersion = 1;
	classes = {
	};
	objectVersion = 51;
	objects = {

/* Begin PBXBuildFile section */
		000D1AC0F945D398A95DF836 /* Pods_KomoriOto.framework in Frameworks */ = {isa = PBXBuildFile; fileRef = 26AE06BB32663F7B6A955A8C /* Pods_KomoriOto.framework */; };
		1B2C13C632F54B1B3466247E /* Pods_KomoriOto_KomoriOtoUITests.framework in Frameworks */ = {isa = PBXBuildFile; fileRef = 497669893A95F731065C77FF /* Pods_KomoriOto_KomoriOtoUITests.framework */; };
		5122A017FFC6E63C17D4EB30 /* Pods_KomoriOtoTests.framework in Frameworks */ = {isa = PBXBuildFile; fileRef = FD8D6A077CB084CC398703D9 /* Pods_KomoriOtoTests.framework */; };
		6E939FC825D60E75002D3404 /* katanakaji.mp3 in Resources */ = {isa = PBXBuildFile; fileRef = 6E939FC725D60E74002D3404 /* katanakaji.mp3 */; };
		6E939FCD25D60EAA002D3404 /* fire.mp3 in Resources */ = {isa = PBXBuildFile; fileRef = 6E939FCC25D60EA9002D3404 /* fire.mp3 */; };
		6E939FD225D60EC9002D3404 /* heartBeats3.mp3 in Resources */ = {isa = PBXBuildFile; fileRef = 6E939FD125D60EC8002D3404 /* heartBeats3.mp3 */; };
		6E939FD725D60ED2002D3404 /* Nabe.mp3 in Resources */ = {isa = PBXBuildFile; fileRef = 6E939FD625D60ED2002D3404 /* Nabe.mp3 */; };
		6E939FDC25D60ED6002D3404 /* keyBoard.mp3 in Resources */ = {isa = PBXBuildFile; fileRef = 6E939FDB25D60ED6002D3404 /* keyBoard.mp3 */; };
		6E939FE125D60EE0002D3404 /* volcano.mp3 in Resources */ = {isa = PBXBuildFile; fileRef = 6E939FE025D60EE0002D3404 /* volcano.mp3 */; };
		6E939FE625D60EF2002D3404 /* walk.mp3 in Resources */ = {isa = PBXBuildFile; fileRef = 6E939FE525D60EF2002D3404 /* walk.mp3 */; };
		6E939FEC25D60F65002D3404 /* wind.mp3 in Resources */ = {isa = PBXBuildFile; fileRef = 6E939FEB25D60F65002D3404 /* wind.mp3 */; };
		6E939FF125D60FDD002D3404 /* summerMountain.mp3 in Resources */ = {isa = PBXBuildFile; fileRef = 6E939FF025D60FDD002D3404 /* summerMountain.mp3 */; };
		6E939FF625D610FD002D3404 /* rain_thunder1.mp3 in Resources */ = {isa = PBXBuildFile; fileRef = 6E939FF525D610FD002D3404 /* rain_thunder1.mp3 */; };
		6EC5DADD25C9A6670058FE44 /* heart_beat.mp3 in Resources */ = {isa = PBXBuildFile; fileRef = 6EC5DADC25C9A6670058FE44 /* heart_beat.mp3 */; };
		6EC5DAE225CBD1720058FE44 /* binil.mp3 in Resources */ = {isa = PBXBuildFile; fileRef = 6EC5DAE125CBD1720058FE44 /* binil.mp3 */; };
		6EC5DAE725CBDEF80058FE44 /* car.mp3 in Resources */ = {isa = PBXBuildFile; fileRef = 6EC5DAE625CBDEF80058FE44 /* car.mp3 */; };
		6EFA177725C9206800563B2E /* AppDelegate.swift in Sources */ = {isa = PBXBuildFile; fileRef = 6EFA177625C9206800563B2E /* AppDelegate.swift */; };
		6EFA177925C9206800563B2E /* SceneDelegate.swift in Sources */ = {isa = PBXBuildFile; fileRef = 6EFA177825C9206800563B2E /* SceneDelegate.swift */; };
		6EFA177B25C9206800563B2E /* ViewController.swift in Sources */ = {isa = PBXBuildFile; fileRef = 6EFA177A25C9206800563B2E /* ViewController.swift */; };
		6EFA177E25C9206800563B2E /* Main.storyboard in Resources */ = {isa = PBXBuildFile; fileRef = 6EFA177C25C9206800563B2E /* Main.storyboard */; };
		6EFA178025C9206900563B2E /* Assets.xcassets in Resources */ = {isa = PBXBuildFile; fileRef = 6EFA177F25C9206900563B2E /* Assets.xcassets */; };
		6EFA178325C9206900563B2E /* LaunchScreen.storyboard in Resources */ = {isa = PBXBuildFile; fileRef = 6EFA178125C9206900563B2E /* LaunchScreen.storyboard */; };
		6EFA178E25C9206900563B2E /* KomoriOtoTests.swift in Sources */ = {isa = PBXBuildFile; fileRef = 6EFA178D25C9206900563B2E /* KomoriOtoTests.swift */; };
		6EFA179925C9206900563B2E /* KomoriOtoUITests.swift in Sources */ = {isa = PBXBuildFile; fileRef = 6EFA179825C9206900563B2E /* KomoriOtoUITests.swift */; };
		6EFA17AB25C923C200563B2E /* TableViewCell.swift in Sources */ = {isa = PBXBuildFile; fileRef = 6EFA17A925C923C200563B2E /* TableViewCell.swift */; };
		6EFA17AC25C923C200563B2E /* TableViewCell.xib in Resources */ = {isa = PBXBuildFile; fileRef = 6EFA17AA25C923C200563B2E /* TableViewCell.xib */; };
		6EFA17B125C929C400563B2E /* TitleTableViewHeaderView.swift in Sources */ = {isa = PBXBuildFile; fileRef = 6EFA17B025C929C400563B2E /* TitleTableViewHeaderView.swift */; };
		6EFA17B625C929FA00563B2E /* TitleTableViewHeaderView.xib in Resources */ = {isa = PBXBuildFile; fileRef = 6EFA17B525C929FA00563B2E /* TitleTableViewHeaderView.xib */; };
		6EFA17C525C92B8700563B2E /* cat.mp3 in Resources */ = {isa = PBXBuildFile; fileRef = 6EFA17BA25C92B8600563B2E /* cat.mp3 */; };
		6EFA17C625C92B8700563B2E /* bird-and-bag.mp3 in Resources */ = {isa = PBXBuildFile; fileRef = 6EFA17BB25C92B8600563B2E /* bird-and-bag.mp3 */; };
		6EFA17C725C92B8700563B2E /* toillet.mp3 in Resources */ = {isa = PBXBuildFile; fileRef = 6EFA17BC25C92B8600563B2E /* toillet.mp3 */; };
		6EFA17C825C92B8700563B2E /* seseragi.mp3 in Resources */ = {isa = PBXBuildFile; fileRef = 6EFA17BD25C92B8600563B2E /* seseragi.mp3 */; };
		6EFA17C925C92B8700563B2E /* bukubuku.mp3 in Resources */ = {isa = PBXBuildFile; fileRef = 6EFA17BE25C92B8700563B2E /* bukubuku.mp3 */; };
		6EFA17CA25C92B8700563B2E /* ocean-wave.mp3 in Resources */ = {isa = PBXBuildFile; fileRef = 6EFA17BF25C92B8700563B2E /* ocean-wave.mp3 */; };
		6EFA17CB25C92B8700563B2E /* sentakuki.mp3 in Resources */ = {isa = PBXBuildFile; fileRef = 6EFA17C025C92B8700563B2E /* sentakuki.mp3 */; };
		6EFA17CC25C92B8700563B2E /* souziki.mp3 in Resources */ = {isa = PBXBuildFile; fileRef = 6EFA17C125C92B8700563B2E /* souziki.mp3 */; };
		6EFA17CD25C92B8700563B2E /* umbrella.mp3 in Resources */ = {isa = PBXBuildFile; fileRef = 6EFA17C225C92B8700563B2E /* umbrella.mp3 */; };
		6EFA17CE25C92B8700563B2E /* dryer.mp3 in Resources */ = {isa = PBXBuildFile; fileRef = 6EFA17C325C92B8700563B2E /* dryer.mp3 */; };
		6EFA17CF25C92B8700563B2E /* tv.mp3 in Resources */ = {isa = PBXBuildFile; fileRef = 6EFA17C425C92B8700563B2E /* tv.mp3 */; };
/* End PBXBuildFile section */

/* Begin PBXContainerItemProxy section */
		6EFA178A25C9206900563B2E /* PBXContainerItemProxy */ = {
			isa = PBXContainerItemProxy;
			containerPortal = 6EFA176B25C9206800563B2E /* Project object */;
			proxyType = 1;
			remoteGlobalIDString = 6EFA177225C9206800563B2E;
			remoteInfo = KomoriOto;
		};
		6EFA179525C9206900563B2E /* PBXContainerItemProxy */ = {
			isa = PBXContainerItemProxy;
			containerPortal = 6EFA176B25C9206800563B2E /* Project object */;
			proxyType = 1;
			remoteGlobalIDString = 6EFA177225C9206800563B2E;
			remoteInfo = KomoriOto;
		};
/* End PBXContainerItemProxy section */

/* Begin PBXFileReference section */
		22F4D2ABAF3C6176C66AAB81 /* Pods-KomoriOtoTests.debug.xcconfig */ = {isa = PBXFileReference; includeInIndex = 1; lastKnownFileType = text.xcconfig; name = "Pods-KomoriOtoTests.debug.xcconfig"; path = "Target Support Files/Pods-KomoriOtoTests/Pods-KomoriOtoTests.debug.xcconfig"; sourceTree = "<group>"; };
		239202621FA50248EB74E7F8 /* Pods-KomoriOto-KomoriOtoUITests.release.xcconfig */ = {isa = PBXFileReference; includeInIndex = 1; lastKnownFileType = text.xcconfig; name = "Pods-KomoriOto-KomoriOtoUITests.release.xcconfig"; path = "Target Support Files/Pods-KomoriOto-KomoriOtoUITests/Pods-KomoriOto-KomoriOtoUITests.release.xcconfig"; sourceTree = "<group>"; };
		26AE06BB32663F7B6A955A8C /* Pods_KomoriOto.framework */ = {isa = PBXFileReference; explicitFileType = wrapper.framework; includeInIndex = 0; path = Pods_KomoriOto.framework; sourceTree = BUILT_PRODUCTS_DIR; };
		2E70054F3AA575210A8BD2E0 /* Pods-KomoriOto-KomoriOtoUITests.debug.xcconfig */ = {isa = PBXFileReference; includeInIndex = 1; lastKnownFileType = text.xcconfig; name = "Pods-KomoriOto-KomoriOtoUITests.debug.xcconfig"; path = "Target Support Files/Pods-KomoriOto-KomoriOtoUITests/Pods-KomoriOto-KomoriOtoUITests.debug.xcconfig"; sourceTree = "<group>"; };
		497669893A95F731065C77FF /* Pods_KomoriOto_KomoriOtoUITests.framework */ = {isa = PBXFileReference; explicitFileType = wrapper.framework; includeInIndex = 0; path = Pods_KomoriOto_KomoriOtoUITests.framework; sourceTree = BUILT_PRODUCTS_DIR; };
		6E939FC725D60E74002D3404 /* katanakaji.mp3 */ = {isa = PBXFileReference; lastKnownFileType = audio.mp3; path = katanakaji.mp3; sourceTree = "<group>"; };
		6E939FCC25D60EA9002D3404 /* fire.mp3 */ = {isa = PBXFileReference; lastKnownFileType = audio.mp3; path = fire.mp3; sourceTree = "<group>"; };
		6E939FD125D60EC8002D3404 /* heartBeats3.mp3 */ = {isa = PBXFileReference; lastKnownFileType = audio.mp3; path = heartBeats3.mp3; sourceTree = "<group>"; };
		6E939FD625D60ED2002D3404 /* Nabe.mp3 */ = {isa = PBXFileReference; lastKnownFileType = audio.mp3; path = Nabe.mp3; sourceTree = "<group>"; };
		6E939FDB25D60ED6002D3404 /* keyBoard.mp3 */ = {isa = PBXFileReference; lastKnownFileType = audio.mp3; path = keyBoard.mp3; sourceTree = "<group>"; };
		6E939FE025D60EE0002D3404 /* volcano.mp3 */ = {isa = PBXFileReference; lastKnownFileType = audio.mp3; path = volcano.mp3; sourceTree = "<group>"; };
		6E939FE525D60EF2002D3404 /* walk.mp3 */ = {isa = PBXFileReference; lastKnownFileType = audio.mp3; path = walk.mp3; sourceTree = "<group>"; };
		6E939FEB25D60F65002D3404 /* wind.mp3 */ = {isa = PBXFileReference; lastKnownFileType = audio.mp3; path = wind.mp3; sourceTree = "<group>"; };
		6E939FF025D60FDD002D3404 /* summerMountain.mp3 */ = {isa = PBXFileReference; lastKnownFileType = audio.mp3; path = summerMountain.mp3; sourceTree = "<group>"; };
		6E939FF525D610FD002D3404 /* rain_thunder1.mp3 */ = {isa = PBXFileReference; lastKnownFileType = audio.mp3; path = rain_thunder1.mp3; sourceTree = "<group>"; };
		6EC5DADC25C9A6670058FE44 /* heart_beat.mp3 */ = {isa = PBXFileReference; lastKnownFileType = audio.mp3; path = heart_beat.mp3; sourceTree = "<group>"; };
		6EC5DAE125CBD1720058FE44 /* binil.mp3 */ = {isa = PBXFileReference; lastKnownFileType = audio.mp3; path = binil.mp3; sourceTree = "<group>"; };
		6EC5DAE625CBDEF80058FE44 /* car.mp3 */ = {isa = PBXFileReference; lastKnownFileType = audio.mp3; path = car.mp3; sourceTree = "<group>"; };
		6EFA177325C9206800563B2E /* KomoriOto.app */ = {isa = PBXFileReference; explicitFileType = wrapper.application; includeInIndex = 0; path = KomoriOto.app; sourceTree = BUILT_PRODUCTS_DIR; };
		6EFA177625C9206800563B2E /* AppDelegate.swift */ = {isa = PBXFileReference; lastKnownFileType = sourcecode.swift; path = AppDelegate.swift; sourceTree = "<group>"; };
		6EFA177825C9206800563B2E /* SceneDelegate.swift */ = {isa = PBXFileReference; lastKnownFileType = sourcecode.swift; path = SceneDelegate.swift; sourceTree = "<group>"; };
		6EFA177A25C9206800563B2E /* ViewController.swift */ = {isa = PBXFileReference; lastKnownFileType = sourcecode.swift; path = ViewController.swift; sourceTree = "<group>"; };
		6EFA177D25C9206800563B2E /* Base */ = {isa = PBXFileReference; lastKnownFileType = file.storyboard; name = Base; path = Base.lproj/Main.storyboard; sourceTree = "<group>"; };
		6EFA177F25C9206900563B2E /* Assets.xcassets */ = {isa = PBXFileReference; lastKnownFileType = folder.assetcatalog; path = Assets.xcassets; sourceTree = "<group>"; };
		6EFA178225C9206900563B2E /* Base */ = {isa = PBXFileReference; lastKnownFileType = file.storyboard; name = Base; path = Base.lproj/LaunchScreen.storyboard; sourceTree = "<group>"; };
		6EFA178425C9206900563B2E /* Info.plist */ = {isa = PBXFileReference; lastKnownFileType = text.plist.xml; path = Info.plist; sourceTree = "<group>"; };
		6EFA178925C9206900563B2E /* KomoriOtoTests.xctest */ = {isa = PBXFileReference; explicitFileType = wrapper.cfbundle; includeInIndex = 0; path = KomoriOtoTests.xctest; sourceTree = BUILT_PRODUCTS_DIR; };
		6EFA178D25C9206900563B2E /* KomoriOtoTests.swift */ = {isa = PBXFileReference; lastKnownFileType = sourcecode.swift; path = KomoriOtoTests.swift; sourceTree = "<group>"; };
		6EFA178F25C9206900563B2E /* Info.plist */ = {isa = PBXFileReference; lastKnownFileType = text.plist.xml; path = Info.plist; sourceTree = "<group>"; };
		6EFA179425C9206900563B2E /* KomoriOtoUITests.xctest */ = {isa = PBXFileReference; explicitFileType = wrapper.cfbundle; includeInIndex = 0; path = KomoriOtoUITests.xctest; sourceTree = BUILT_PRODUCTS_DIR; };
		6EFA179825C9206900563B2E /* KomoriOtoUITests.swift */ = {isa = PBXFileReference; lastKnownFileType = sourcecode.swift; path = KomoriOtoUITests.swift; sourceTree = "<group>"; };
		6EFA179A25C9206900563B2E /* Info.plist */ = {isa = PBXFileReference; lastKnownFileType = text.plist.xml; path = Info.plist; sourceTree = "<group>"; };
		6EFA17A925C923C200563B2E /* TableViewCell.swift */ = {isa = PBXFileReference; lastKnownFileType = sourcecode.swift; path = TableViewCell.swift; sourceTree = "<group>"; };
		6EFA17AA25C923C200563B2E /* TableViewCell.xib */ = {isa = PBXFileReference; lastKnownFileType = file.xib; path = TableViewCell.xib; sourceTree = "<group>"; };
		6EFA17B025C929C400563B2E /* TitleTableViewHeaderView.swift */ = {isa = PBXFileReference; lastKnownFileType = sourcecode.swift; path = TitleTableViewHeaderView.swift; sourceTree = "<group>"; };
		6EFA17B525C929FA00563B2E /* TitleTableViewHeaderView.xib */ = {isa = PBXFileReference; lastKnownFileType = file.xib; path = TitleTableViewHeaderView.xib; sourceTree = "<group>"; };
		6EFA17BA25C92B8600563B2E /* cat.mp3 */ = {isa = PBXFileReference; lastKnownFileType = audio.mp3; path = cat.mp3; sourceTree = "<group>"; };
		6EFA17BB25C92B8600563B2E /* bird-and-bag.mp3 */ = {isa = PBXFileReference; lastKnownFileType = audio.mp3; path = "bird-and-bag.mp3"; sourceTree = "<group>"; };
		6EFA17BC25C92B8600563B2E /* toillet.mp3 */ = {isa = PBXFileReference; lastKnownFileType = audio.mp3; path = toillet.mp3; sourceTree = "<group>"; };
		6EFA17BD25C92B8600563B2E /* seseragi.mp3 */ = {isa = PBXFileReference; lastKnownFileType = audio.mp3; path = seseragi.mp3; sourceTree = "<group>"; };
		6EFA17BE25C92B8700563B2E /* bukubuku.mp3 */ = {isa = PBXFileReference; lastKnownFileType = audio.mp3; path = bukubuku.mp3; sourceTree = "<group>"; };
		6EFA17BF25C92B8700563B2E /* ocean-wave.mp3 */ = {isa = PBXFileReference; lastKnownFileType = audio.mp3; path = "ocean-wave.mp3"; sourceTree = "<group>"; };
		6EFA17C025C92B8700563B2E /* sentakuki.mp3 */ = {isa = PBXFileReference; lastKnownFileType = audio.mp3; path = sentakuki.mp3; sourceTree = "<group>"; };
		6EFA17C125C92B8700563B2E /* souziki.mp3 */ = {isa = PBXFileReference; lastKnownFileType = audio.mp3; path = souziki.mp3; sourceTree = "<group>"; };
		6EFA17C225C92B8700563B2E /* umbrella.mp3 */ = {isa = PBXFileReference; lastKnownFileType = audio.mp3; path = umbrella.mp3; sourceTree = "<group>"; };
		6EFA17C325C92B8700563B2E /* dryer.mp3 */ = {isa = PBXFileReference; lastKnownFileType = audio.mp3; path = dryer.mp3; sourceTree = "<group>"; };
		6EFA17C425C92B8700563B2E /* tv.mp3 */ = {isa = PBXFileReference; lastKnownFileType = audio.mp3; path = tv.mp3; sourceTree = "<group>"; };
		AEE537310602C89182193C99 /* Pods-KomoriOto.release.xcconfig */ = {isa = PBXFileReference; includeInIndex = 1; lastKnownFileType = text.xcconfig; name = "Pods-KomoriOto.release.xcconfig"; path = "Target Support Files/Pods-KomoriOto/Pods-KomoriOto.release.xcconfig"; sourceTree = "<group>"; };
		F3EAF251114046991441F444 /* Pods-KomoriOtoTests.release.xcconfig */ = {isa = PBXFileReference; includeInIndex = 1; lastKnownFileType = text.xcconfig; name = "Pods-KomoriOtoTests.release.xcconfig"; path = "Target Support Files/Pods-KomoriOtoTests/Pods-KomoriOtoTests.release.xcconfig"; sourceTree = "<group>"; };
		F458217593208003B8329DBD /* Pods-KomoriOto.debug.xcconfig */ = {isa = PBXFileReference; includeInIndex = 1; lastKnownFileType = text.xcconfig; name = "Pods-KomoriOto.debug.xcconfig"; path = "Target Support Files/Pods-KomoriOto/Pods-KomoriOto.debug.xcconfig"; sourceTree = "<group>"; };
		FD8D6A077CB084CC398703D9 /* Pods_KomoriOtoTests.framework */ = {isa = PBXFileReference; explicitFileType = wrapper.framework; includeInIndex = 0; path = Pods_KomoriOtoTests.framework; sourceTree = BUILT_PRODUCTS_DIR; };
/* End PBXFileReference section */

/* Begin PBXFrameworksBuildPhase section */
		6EFA177025C9206800563B2E /* Frameworks */ = {
			isa = PBXFrameworksBuildPhase;
			buildActionMask = 2147483647;
			files = (
				000D1AC0F945D398A95DF836 /* Pods_KomoriOto.framework in Frameworks */,
			);
			runOnlyForDeploymentPostprocessing = 0;
		};
		6EFA178625C9206900563B2E /* Frameworks */ = {
			isa = PBXFrameworksBuildPhase;
			buildActionMask = 2147483647;
			files = (
				5122A017FFC6E63C17D4EB30 /* Pods_KomoriOtoTests.framework in Frameworks */,
			);
			runOnlyForDeploymentPostprocessing = 0;
		};
		6EFA179125C9206900563B2E /* Frameworks */ = {
			isa = PBXFrameworksBuildPhase;
			buildActionMask = 2147483647;
			files = (
				1B2C13C632F54B1B3466247E /* Pods_KomoriOto_KomoriOtoUITests.framework in Frameworks */,
			);
			runOnlyForDeploymentPostprocessing = 0;
		};
/* End PBXFrameworksBuildPhase section */

/* Begin PBXGroup section */
		0FF6144A908B8E699CE01A2B /* Pods */ = {
			isa = PBXGroup;
			children = (
				F458217593208003B8329DBD /* Pods-KomoriOto.debug.xcconfig */,
				AEE537310602C89182193C99 /* Pods-KomoriOto.release.xcconfig */,
				2E70054F3AA575210A8BD2E0 /* Pods-KomoriOto-KomoriOtoUITests.debug.xcconfig */,
				239202621FA50248EB74E7F8 /* Pods-KomoriOto-KomoriOtoUITests.release.xcconfig */,
				22F4D2ABAF3C6176C66AAB81 /* Pods-KomoriOtoTests.debug.xcconfig */,
				F3EAF251114046991441F444 /* Pods-KomoriOtoTests.release.xcconfig */,
			);
			path = Pods;
			sourceTree = "<group>";
		};
		6E939FEA25D60F1E002D3404 /* mp3 */ = {
			isa = PBXGroup;
			children = (
				6EFA17BB25C92B8600563B2E /* bird-and-bag.mp3 */,
				6EFA17BE25C92B8700563B2E /* bukubuku.mp3 */,
				6EC5DAE125CBD1720058FE44 /* binil.mp3 */,
				6EFA17BA25C92B8600563B2E /* cat.mp3 */,
				6EFA17C325C92B8700563B2E /* dryer.mp3 */,
				6E939FCC25D60EA9002D3404 /* fire.mp3 */,
				6EFA17BF25C92B8700563B2E /* ocean-wave.mp3 */,
				6EC5DAE625CBDEF80058FE44 /* car.mp3 */,
				6EFA17C025C92B8700563B2E /* sentakuki.mp3 */,
				6E939FC725D60E74002D3404 /* katanakaji.mp3 */,
				6E939FD125D60EC8002D3404 /* heartBeats3.mp3 */,
				6E939FF025D60FDD002D3404 /* summerMountain.mp3 */,
				6E939FF525D610FD002D3404 /* rain_thunder1.mp3 */,
				6E939FEB25D60F65002D3404 /* wind.mp3 */,
				6E939FD625D60ED2002D3404 /* Nabe.mp3 */,
				6E939FDB25D60ED6002D3404 /* keyBoard.mp3 */,
				6EC5DADC25C9A6670058FE44 /* heart_beat.mp3 */,
				6EFA17BD25C92B8600563B2E /* seseragi.mp3 */,
				6E939FE025D60EE0002D3404 /* volcano.mp3 */,
				6EFA17C125C92B8700563B2E /* souziki.mp3 */,
				6E939FE525D60EF2002D3404 /* walk.mp3 */,
				6EFA17BC25C92B8600563B2E /* toillet.mp3 */,
				6EFA17C425C92B8700563B2E /* tv.mp3 */,
				6EFA17C225C92B8700563B2E /* umbrella.mp3 */,
			);
			path = mp3;
			sourceTree = "<group>";
		};
		6EFA176A25C9206800563B2E = {
			isa = PBXGroup;
			children = (
				6EFA177525C9206800563B2E /* KomoriOto */,
				6EFA178C25C9206900563B2E /* KomoriOtoTests */,
				6EFA179725C9206900563B2E /* KomoriOtoUITests */,
				6EFA177425C9206800563B2E /* Products */,
				0FF6144A908B8E699CE01A2B /* Pods */,
				C4F662227ED7116A28C7A95A /* Frameworks */,
			);
			sourceTree = "<group>";
		};
		6EFA177425C9206800563B2E /* Products */ = {
			isa = PBXGroup;
			children = (
				6EFA177325C9206800563B2E /* KomoriOto.app */,
				6EFA178925C9206900563B2E /* KomoriOtoTests.xctest */,
				6EFA179425C9206900563B2E /* KomoriOtoUITests.xctest */,
			);
			name = Products;
			sourceTree = "<group>";
		};
		6EFA177525C9206800563B2E /* KomoriOto */ = {
			isa = PBXGroup;
			children = (
				6EFA177625C9206800563B2E /* AppDelegate.swift */,
				6EFA177825C9206800563B2E /* SceneDelegate.swift */,
				6EFA177A25C9206800563B2E /* ViewController.swift */,
				6EFA17B025C929C400563B2E /* TitleTableViewHeaderView.swift */,
				6EFA17B525C929FA00563B2E /* TitleTableViewHeaderView.xib */,
				6EFA17A925C923C200563B2E /* TableViewCell.swift */,
				6EFA17AA25C923C200563B2E /* TableViewCell.xib */,
				6EFA177C25C9206800563B2E /* Main.storyboard */,
				6EFA177F25C9206900563B2E /* Assets.xcassets */,
				6EFA178125C9206900563B2E /* LaunchScreen.storyboard */,
				6EFA178425C9206900563B2E /* Info.plist */,
				6E939FEA25D60F1E002D3404 /* mp3 */,
			);
			path = KomoriOto;
			sourceTree = "<group>";
		};
		6EFA178C25C9206900563B2E /* KomoriOtoTests */ = {
			isa = PBXGroup;
			children = (
				6EFA178D25C9206900563B2E /* KomoriOtoTests.swift */,
				6EFA178F25C9206900563B2E /* Info.plist */,
			);
			path = KomoriOtoTests;
			sourceTree = "<group>";
		};
		6EFA179725C9206900563B2E /* KomoriOtoUITests */ = {
			isa = PBXGroup;
			children = (
				6EFA179825C9206900563B2E /* KomoriOtoUITests.swift */,
				6EFA179A25C9206900563B2E /* Info.plist */,
			);
			path = KomoriOtoUITests;
			sourceTree = "<group>";
		};
		C4F662227ED7116A28C7A95A /* Frameworks */ = {
			isa = PBXGroup;
			children = (
				26AE06BB32663F7B6A955A8C /* Pods_KomoriOto.framework */,
				497669893A95F731065C77FF /* Pods_KomoriOto_KomoriOtoUITests.framework */,
				FD8D6A077CB084CC398703D9 /* Pods_KomoriOtoTests.framework */,
			);
			name = Frameworks;
			sourceTree = "<group>";
		};
/* End PBXGroup section */

/* Begin PBXNativeTarget section */
		6EFA177225C9206800563B2E /* KomoriOto */ = {
			isa = PBXNativeTarget;
			buildConfigurationList = 6EFA179D25C9206900563B2E /* Build configuration list for PBXNativeTarget "KomoriOto" */;
			buildPhases = (
				68CAFB1961C6BC1FADE6E3CD /* [CP] Check Pods Manifest.lock */,
				6EFA176F25C9206800563B2E /* Sources */,
				6EFA177025C9206800563B2E /* Frameworks */,
				6EFA177125C9206800563B2E /* Resources */,
				C66B3C52831448A6A5614D15 /* [CP] Copy Pods Resources */,
			);
			buildRules = (
			);
			dependencies = (
			);
			name = KomoriOto;
			productName = KomoriOto;
			productReference = 6EFA177325C9206800563B2E /* KomoriOto.app */;
			productType = "com.apple.product-type.application";
		};
		6EFA178825C9206900563B2E /* KomoriOtoTests */ = {
			isa = PBXNativeTarget;
			buildConfigurationList = 6EFA17A025C9206900563B2E /* Build configuration list for PBXNativeTarget "KomoriOtoTests" */;
			buildPhases = (
				153736805FEAC344B7B2DA5B /* [CP] Check Pods Manifest.lock */,
				6EFA178525C9206900563B2E /* Sources */,
				6EFA178625C9206900563B2E /* Frameworks */,
				6EFA178725C9206900563B2E /* Resources */,
			);
			buildRules = (
			);
			dependencies = (
				6EFA178B25C9206900563B2E /* PBXTargetDependency */,
			);
			name = KomoriOtoTests;
			productName = KomoriOtoTests;
			productReference = 6EFA178925C9206900563B2E /* KomoriOtoTests.xctest */;
			productType = "com.apple.product-type.bundle.unit-test";
		};
		6EFA179325C9206900563B2E /* KomoriOtoUITests */ = {
			isa = PBXNativeTarget;
			buildConfigurationList = 6EFA17A325C9206900563B2E /* Build configuration list for PBXNativeTarget "KomoriOtoUITests" */;
			buildPhases = (
				805C26CDA02118D3E5DFC60C /* [CP] Check Pods Manifest.lock */,
				6EFA179025C9206900563B2E /* Sources */,
				6EFA179125C9206900563B2E /* Frameworks */,
				6EFA179225C9206900563B2E /* Resources */,
				7466D102E9FCEA08EA81CD1E /* [CP] Copy Pods Resources */,
			);
			buildRules = (
			);
			dependencies = (
				6EFA179625C9206900563B2E /* PBXTargetDependency */,
			);
			name = KomoriOtoUITests;
			productName = KomoriOtoUITests;
			productReference = 6EFA179425C9206900563B2E /* KomoriOtoUITests.xctest */;
			productType = "com.apple.product-type.bundle.ui-testing";
		};
/* End PBXNativeTarget section */

/* Begin PBXProject section */
		6EFA176B25C9206800563B2E /* Project object */ = {
			isa = PBXProject;
			attributes = {
				LastSwiftUpdateCheck = 1240;
				LastUpgradeCheck = 1240;
				TargetAttributes = {
					6EFA177225C9206800563B2E = {
						CreatedOnToolsVersion = 12.4;
					};
					6EFA178825C9206900563B2E = {
						CreatedOnToolsVersion = 12.4;
						TestTargetID = 6EFA177225C9206800563B2E;
					};
					6EFA179325C9206900563B2E = {
						CreatedOnToolsVersion = 12.4;
						TestTargetID = 6EFA177225C9206800563B2E;
					};
				};
			};
			buildConfigurationList = 6EFA176E25C9206800563B2E /* Build configuration list for PBXProject "KomoriOto" */;
			compatibilityVersion = "Xcode 9.3";
			developmentRegion = en;
			hasScannedForEncodings = 0;
			knownRegions = (
				en,
				Base,
			);
			mainGroup = 6EFA176A25C9206800563B2E;
			productRefGroup = 6EFA177425C9206800563B2E /* Products */;
			projectDirPath = "";
			projectRoot = "";
			targets = (
				6EFA177225C9206800563B2E /* KomoriOto */,
				6EFA178825C9206900563B2E /* KomoriOtoTests */,
				6EFA179325C9206900563B2E /* KomoriOtoUITests */,
			);
		};
/* End PBXProject section */

/* Begin PBXResourcesBuildPhase section */
		6EFA177125C9206800563B2E /* Resources */ = {
			isa = PBXResourcesBuildPhase;
			buildActionMask = 2147483647;
			files = (
				6EC5DAE725CBDEF80058FE44 /* car.mp3 in Resources */,
				6EFA17C825C92B8700563B2E /* seseragi.mp3 in Resources */,
				6E939FD725D60ED2002D3404 /* Nabe.mp3 in Resources */,
				6EFA178325C9206900563B2E /* LaunchScreen.storyboard in Resources */,
				6EFA17AC25C923C200563B2E /* TableViewCell.xib in Resources */,
				6EFA17B625C929FA00563B2E /* TitleTableViewHeaderView.xib in Resources */,
				6EFA17CE25C92B8700563B2E /* dryer.mp3 in Resources */,
				6EFA17CD25C92B8700563B2E /* umbrella.mp3 in Resources */,
				6EFA17CC25C92B8700563B2E /* souziki.mp3 in Resources */,
				6EFA17C525C92B8700563B2E /* cat.mp3 in Resources */,
				6E939FF625D610FD002D3404 /* rain_thunder1.mp3 in Resources */,
				6EC5DADD25C9A6670058FE44 /* heart_beat.mp3 in Resources */,
				6E939FDC25D60ED6002D3404 /* keyBoard.mp3 in Resources */,
				6E939FF125D60FDD002D3404 /* summerMountain.mp3 in Resources */,
				6EFA17C625C92B8700563B2E /* bird-and-bag.mp3 in Resources */,
				6E939FD225D60EC9002D3404 /* heartBeats3.mp3 in Resources */,
				6E939FE125D60EE0002D3404 /* volcano.mp3 in Resources */,
				6E939FC825D60E75002D3404 /* katanakaji.mp3 in Resources */,
				6EC5DAE225CBD1720058FE44 /* binil.mp3 in Resources */,
				6EFA178025C9206900563B2E /* Assets.xcassets in Resources */,
				6EFA17C725C92B8700563B2E /* toillet.mp3 in Resources */,
				6EFA17C925C92B8700563B2E /* bukubuku.mp3 in Resources */,
				6E939FEC25D60F65002D3404 /* wind.mp3 in Resources */,
				6EFA17CA25C92B8700563B2E /* ocean-wave.mp3 in Resources */,
				6E939FE625D60EF2002D3404 /* walk.mp3 in Resources */,
				6E939FCD25D60EAA002D3404 /* fire.mp3 in Resources */,
				6EFA17CB25C92B8700563B2E /* sentakuki.mp3 in Resources */,
				6EFA17CF25C92B8700563B2E /* tv.mp3 in Resources */,
				6EFA177E25C9206800563B2E /* Main.storyboard in Resources */,
			);
			runOnlyForDeploymentPostprocessing = 0;
		};
		6EFA178725C9206900563B2E /* Resources */ = {
			isa = PBXResourcesBuildPhase;
			buildActionMask = 2147483647;
			files = (
			);
			runOnlyForDeploymentPostprocessing = 0;
		};
		6EFA179225C9206900563B2E /* Resources */ = {
			isa = PBXResourcesBuildPhase;
			buildActionMask = 2147483647;
			files = (
			);
			runOnlyForDeploymentPostprocessing = 0;
		};
/* End PBXResourcesBuildPhase section */

/* Begin PBXShellScriptBuildPhase section */
		153736805FEAC344B7B2DA5B /* [CP] Check Pods Manifest.lock */ = {
			isa = PBXShellScriptBuildPhase;
			buildActionMask = 2147483647;
			files = (
			);
			inputFileListPaths = (
			);
			inputPaths = (
				"${PODS_PODFILE_DIR_PATH}/Podfile.lock",
				"${PODS_ROOT}/Manifest.lock",
			);
			name = "[CP] Check Pods Manifest.lock";
			outputFileListPaths = (
			);
			outputPaths = (
				"$(DERIVED_FILE_DIR)/Pods-KomoriOtoTests-checkManifestLockResult.txt",
			);
			runOnlyForDeploymentPostprocessing = 0;
			shellPath = /bin/sh;
			shellScript = "diff \"${PODS_PODFILE_DIR_PATH}/Podfile.lock\" \"${PODS_ROOT}/Manifest.lock\" > /dev/null\nif [ $? != 0 ] ; then\n    # print error to STDERR\n    echo \"error: The sandbox is not in sync with the Podfile.lock. Run 'pod install' or update your CocoaPods installation.\" >&2\n    exit 1\nfi\n# This output is used by Xcode 'outputs' to avoid re-running this script phase.\necho \"SUCCESS\" > \"${SCRIPT_OUTPUT_FILE_0}\"\n";
			showEnvVarsInLog = 0;
		};
		68CAFB1961C6BC1FADE6E3CD /* [CP] Check Pods Manifest.lock */ = {
			isa = PBXShellScriptBuildPhase;
			buildActionMask = 2147483647;
			files = (
			);
			inputFileListPaths = (
			);
			inputPaths = (
				"${PODS_PODFILE_DIR_PATH}/Podfile.lock",
				"${PODS_ROOT}/Manifest.lock",
			);
			name = "[CP] Check Pods Manifest.lock";
			outputFileListPaths = (
			);
			outputPaths = (
				"$(DERIVED_FILE_DIR)/Pods-KomoriOto-checkManifestLockResult.txt",
			);
			runOnlyForDeploymentPostprocessing = 0;
			shellPath = /bin/sh;
			shellScript = "diff \"${PODS_PODFILE_DIR_PATH}/Podfile.lock\" \"${PODS_ROOT}/Manifest.lock\" > /dev/null\nif [ $? != 0 ] ; then\n    # print error to STDERR\n    echo \"error: The sandbox is not in sync with the Podfile.lock. Run 'pod install' or update your CocoaPods installation.\" >&2\n    exit 1\nfi\n# This output is used by Xcode 'outputs' to avoid re-running this script phase.\necho \"SUCCESS\" > \"${SCRIPT_OUTPUT_FILE_0}\"\n";
			showEnvVarsInLog = 0;
		};
		7466D102E9FCEA08EA81CD1E /* [CP] Copy Pods Resources */ = {
			isa = PBXShellScriptBuildPhase;
			buildActionMask = 2147483647;
			files = (
			);
			inputFileListPaths = (
				"${PODS_ROOT}/Target Support Files/Pods-KomoriOto-KomoriOtoUITests/Pods-KomoriOto-KomoriOtoUITests-resources-${CONFIGURATION}-input-files.xcfilelist",
			);
			name = "[CP] Copy Pods Resources";
			outputFileListPaths = (
				"${PODS_ROOT}/Target Support Files/Pods-KomoriOto-KomoriOtoUITests/Pods-KomoriOto-KomoriOtoUITests-resources-${CONFIGURATION}-output-files.xcfilelist",
			);
			runOnlyForDeploymentPostprocessing = 0;
			shellPath = /bin/sh;
			shellScript = "\"${PODS_ROOT}/Target Support Files/Pods-KomoriOto-KomoriOtoUITests/Pods-KomoriOto-KomoriOtoUITests-resources.sh\"\n";
			showEnvVarsInLog = 0;
		};
		805C26CDA02118D3E5DFC60C /* [CP] Check Pods Manifest.lock */ = {
			isa = PBXShellScriptBuildPhase;
			buildActionMask = 2147483647;
			files = (
			);
			inputFileListPaths = (
			);
			inputPaths = (
				"${PODS_PODFILE_DIR_PATH}/Podfile.lock",
				"${PODS_ROOT}/Manifest.lock",
			);
			name = "[CP] Check Pods Manifest.lock";
			outputFileListPaths = (
			);
			outputPaths = (
				"$(DERIVED_FILE_DIR)/Pods-KomoriOto-KomoriOtoUITests-checkManifestLockResult.txt",
			);
			runOnlyForDeploymentPostprocessing = 0;
			shellPath = /bin/sh;
			shellScript = "diff \"${PODS_PODFILE_DIR_PATH}/Podfile.lock\" \"${PODS_ROOT}/Manifest.lock\" > /dev/null\nif [ $? != 0 ] ; then\n    # print error to STDERR\n    echo \"error: The sandbox is not in sync with the Podfile.lock. Run 'pod install' or update your CocoaPods installation.\" >&2\n    exit 1\nfi\n# This output is used by Xcode 'outputs' to avoid re-running this script phase.\necho \"SUCCESS\" > \"${SCRIPT_OUTPUT_FILE_0}\"\n";
			showEnvVarsInLog = 0;
		};
		C66B3C52831448A6A5614D15 /* [CP] Copy Pods Resources */ = {
			isa = PBXShellScriptBuildPhase;
			buildActionMask = 2147483647;
			files = (
			);
			inputFileListPaths = (
				"${PODS_ROOT}/Target Support Files/Pods-KomoriOto/Pods-KomoriOto-resources-${CONFIGURATION}-input-files.xcfilelist",
			);
			name = "[CP] Copy Pods Resources";
			outputFileListPaths = (
				"${PODS_ROOT}/Target Support Files/Pods-KomoriOto/Pods-KomoriOto-resources-${CONFIGURATION}-output-files.xcfilelist",
			);
			runOnlyForDeploymentPostprocessing = 0;
			shellPath = /bin/sh;
			shellScript = "\"${PODS_ROOT}/Target Support Files/Pods-KomoriOto/Pods-KomoriOto-resources.sh\"\n";
			showEnvVarsInLog = 0;
		};
/* End PBXShellScriptBuildPhase section */

/* Begin PBXSourcesBuildPhase section */
		6EFA176F25C9206800563B2E /* Sources */ = {
			isa = PBXSourcesBuildPhase;
			buildActionMask = 2147483647;
			files = (
				6EFA177B25C9206800563B2E /* ViewController.swift in Sources */,
				6EFA17AB25C923C200563B2E /* TableViewCell.swift in Sources */,
				6EFA17B125C929C400563B2E /* TitleTableViewHeaderView.swift in Sources */,
				6EFA177725C9206800563B2E /* AppDelegate.swift in Sources */,
				6EFA177925C9206800563B2E /* SceneDelegate.swift in Sources */,
			);
			runOnlyForDeploymentPostprocessing = 0;
		};
		6EFA178525C9206900563B2E /* Sources */ = {
			isa = PBXSourcesBuildPhase;
			buildActionMask = 2147483647;
			files = (
				6EFA178E25C9206900563B2E /* KomoriOtoTests.swift in Sources */,
			);
			runOnlyForDeploymentPostprocessing = 0;
		};
		6EFA179025C9206900563B2E /* Sources */ = {
			isa = PBXSourcesBuildPhase;
			buildActionMask = 2147483647;
			files = (
				6EFA179925C9206900563B2E /* KomoriOtoUITests.swift in Sources */,
			);
			runOnlyForDeploymentPostprocessing = 0;
		};
/* End PBXSourcesBuildPhase section */

/* Begin PBXTargetDependency section */
		6EFA178B25C9206900563B2E /* PBXTargetDependency */ = {
			isa = PBXTargetDependency;
			target = 6EFA177225C9206800563B2E /* KomoriOto */;
			targetProxy = 6EFA178A25C9206900563B2E /* PBXContainerItemProxy */;
		};
		6EFA179625C9206900563B2E /* PBXTargetDependency */ = {
			isa = PBXTargetDependency;
			target = 6EFA177225C9206800563B2E /* KomoriOto */;
			targetProxy = 6EFA179525C9206900563B2E /* PBXContainerItemProxy */;
		};
/* End PBXTargetDependency section */

/* Begin PBXVariantGroup section */
		6EFA177C25C9206800563B2E /* Main.storyboard */ = {
			isa = PBXVariantGroup;
			children = (
				6EFA177D25C9206800563B2E /* Base */,
			);
			name = Main.storyboard;
			sourceTree = "<group>";
		};
		6EFA178125C9206900563B2E /* LaunchScreen.storyboard */ = {
			isa = PBXVariantGroup;
			children = (
				6EFA178225C9206900563B2E /* Base */,
			);
			name = LaunchScreen.storyboard;
			sourceTree = "<group>";
		};
/* End PBXVariantGroup section */

/* Begin XCBuildConfiguration section */
		6EFA179B25C9206900563B2E /* Debug */ = {
			isa = XCBuildConfiguration;
			buildSettings = {
				ALWAYS_SEARCH_USER_PATHS = NO;
				CLANG_ANALYZER_NONNULL = YES;
				CLANG_ANALYZER_NUMBER_OBJECT_CONVERSION = YES_AGGRESSIVE;
				CLANG_CXX_LANGUAGE_STANDARD = "gnu++14";
				CLANG_CXX_LIBRARY = "libc++";
				CLANG_ENABLE_MODULES = YES;
				CLANG_ENABLE_OBJC_ARC = YES;
				CLANG_ENABLE_OBJC_WEAK = YES;
				CLANG_WARN_BLOCK_CAPTURE_AUTORELEASING = YES;
				CLANG_WARN_BOOL_CONVERSION = YES;
				CLANG_WARN_COMMA = YES;
				CLANG_WARN_CONSTANT_CONVERSION = YES;
				CLANG_WARN_DEPRECATED_OBJC_IMPLEMENTATIONS = YES;
				CLANG_WARN_DIRECT_OBJC_ISA_USAGE = YES_ERROR;
				CLANG_WARN_DOCUMENTATION_COMMENTS = YES;
				CLANG_WARN_EMPTY_BODY = YES;
				CLANG_WARN_ENUM_CONVERSION = YES;
				CLANG_WARN_INFINITE_RECURSION = YES;
				CLANG_WARN_INT_CONVERSION = YES;
				CLANG_WARN_NON_LITERAL_NULL_CONVERSION = YES;
				CLANG_WARN_OBJC_IMPLICIT_RETAIN_SELF = YES;
				CLANG_WARN_OBJC_LITERAL_CONVERSION = YES;
				CLANG_WARN_OBJC_ROOT_CLASS = YES_ERROR;
				CLANG_WARN_QUOTED_INCLUDE_IN_FRAMEWORK_HEADER = YES;
				CLANG_WARN_RANGE_LOOP_ANALYSIS = YES;
				CLANG_WARN_STRICT_PROTOTYPES = YES;
				CLANG_WARN_SUSPICIOUS_MOVE = YES;
				CLANG_WARN_UNGUARDED_AVAILABILITY = YES_AGGRESSIVE;
				CLANG_WARN_UNREACHABLE_CODE = YES;
				CLANG_WARN__DUPLICATE_METHOD_MATCH = YES;
				COPY_PHASE_STRIP = NO;
				DEBUG_INFORMATION_FORMAT = dwarf;
				ENABLE_STRICT_OBJC_MSGSEND = YES;
				ENABLE_TESTABILITY = YES;
				GCC_C_LANGUAGE_STANDARD = gnu11;
				GCC_DYNAMIC_NO_PIC = NO;
				GCC_NO_COMMON_BLOCKS = YES;
				GCC_OPTIMIZATION_LEVEL = 0;
				GCC_PREPROCESSOR_DEFINITIONS = (
					"DEBUG=1",
					"$(inherited)",
				);
				GCC_WARN_64_TO_32_BIT_CONVERSION = YES;
				GCC_WARN_ABOUT_RETURN_TYPE = YES_ERROR;
				GCC_WARN_UNDECLARED_SELECTOR = YES;
				GCC_WARN_UNINITIALIZED_AUTOS = YES_AGGRESSIVE;
				GCC_WARN_UNUSED_FUNCTION = YES;
				GCC_WARN_UNUSED_VARIABLE = YES;
				IPHONEOS_DEPLOYMENT_TARGET = 14.4;
				MTL_ENABLE_DEBUG_INFO = INCLUDE_SOURCE;
				MTL_FAST_MATH = YES;
				ONLY_ACTIVE_ARCH = YES;
				SDKROOT = iphoneos;
				SWIFT_ACTIVE_COMPILATION_CONDITIONS = DEBUG;
				SWIFT_OPTIMIZATION_LEVEL = "-Onone";
			};
			name = Debug;
		};
		6EFA179C25C9206900563B2E /* Release */ = {
			isa = XCBuildConfiguration;
			buildSettings = {
				ALWAYS_SEARCH_USER_PATHS = NO;
				CLANG_ANALYZER_NONNULL = YES;
				CLANG_ANALYZER_NUMBER_OBJECT_CONVERSION = YES_AGGRESSIVE;
				CLANG_CXX_LANGUAGE_STANDARD = "gnu++14";
				CLANG_CXX_LIBRARY = "libc++";
				CLANG_ENABLE_MODULES = YES;
				CLANG_ENABLE_OBJC_ARC = YES;
				CLANG_ENABLE_OBJC_WEAK = YES;
				CLANG_WARN_BLOCK_CAPTURE_AUTORELEASING = YES;
				CLANG_WARN_BOOL_CONVERSION = YES;
				CLANG_WARN_COMMA = YES;
				CLANG_WARN_CONSTANT_CONVERSION = YES;
				CLANG_WARN_DEPRECATED_OBJC_IMPLEMENTATIONS = YES;
				CLANG_WARN_DIRECT_OBJC_ISA_USAGE = YES_ERROR;
				CLANG_WARN_DOCUMENTATION_COMMENTS = YES;
				CLANG_WARN_EMPTY_BODY = YES;
				CLANG_WARN_ENUM_CONVERSION = YES;
				CLANG_WARN_INFINITE_RECURSION = YES;
				CLANG_WARN_INT_CONVERSION = YES;
				CLANG_WARN_NON_LITERAL_NULL_CONVERSION = YES;
				CLANG_WARN_OBJC_IMPLICIT_RETAIN_SELF = YES;
				CLANG_WARN_OBJC_LITERAL_CONVERSION = YES;
				CLANG_WARN_OBJC_ROOT_CLASS = YES_ERROR;
				CLANG_WARN_QUOTED_INCLUDE_IN_FRAMEWORK_HEADER = YES;
				CLANG_WARN_RANGE_LOOP_ANALYSIS = YES;
				CLANG_WARN_STRICT_PROTOTYPES = YES;
				CLANG_WARN_SUSPICIOUS_MOVE = YES;
				CLANG_WARN_UNGUARDED_AVAILABILITY = YES_AGGRESSIVE;
				CLANG_WARN_UNREACHABLE_CODE = YES;
				CLANG_WARN__DUPLICATE_METHOD_MATCH = YES;
				COPY_PHASE_STRIP = NO;
				DEBUG_INFORMATION_FORMAT = "dwarf-with-dsym";
				ENABLE_NS_ASSERTIONS = NO;
				ENABLE_STRICT_OBJC_MSGSEND = YES;
				GCC_C_LANGUAGE_STANDARD = gnu11;
				GCC_NO_COMMON_BLOCKS = YES;
				GCC_WARN_64_TO_32_BIT_CONVERSION = YES;
				GCC_WARN_ABOUT_RETURN_TYPE = YES_ERROR;
				GCC_WARN_UNDECLARED_SELECTOR = YES;
				GCC_WARN_UNINITIALIZED_AUTOS = YES_AGGRESSIVE;
				GCC_WARN_UNUSED_FUNCTION = YES;
				GCC_WARN_UNUSED_VARIABLE = YES;
				IPHONEOS_DEPLOYMENT_TARGET = 14.4;
				MTL_ENABLE_DEBUG_INFO = NO;
				MTL_FAST_MATH = YES;
				SDKROOT = iphoneos;
				SWIFT_COMPILATION_MODE = wholemodule;
				SWIFT_OPTIMIZATION_LEVEL = "-O";
				VALIDATE_PRODUCT = YES;
			};
			name = Release;
		};
		6EFA179E25C9206900563B2E /* Debug */ = {
			isa = XCBuildConfiguration;
			baseConfigurationReference = F458217593208003B8329DBD /* Pods-KomoriOto.debug.xcconfig */;
			buildSettings = {
				ASSETCATALOG_COMPILER_APPICON_NAME = AppIcon;
				ASSETCATALOG_COMPILER_GLOBAL_ACCENT_COLOR_NAME = AccentColor;
				CODE_SIGN_STYLE = Automatic;
				DEVELOPMENT_TEAM = Z627BW2922;
				INFOPLIST_FILE = KomoriOto/Info.plist;
				LD_RUNPATH_SEARCH_PATHS = (
					"$(inherited)",
					"@executable_path/Frameworks",
				);
				PRODUCT_BUNDLE_IDENTIFIER = com.window.KomoriOto;
				PRODUCT_NAME = "$(TARGET_NAME)";
				SWIFT_VERSION = 5.0;
				TARGETED_DEVICE_FAMILY = "1,2";
			};
			name = Debug;
		};
		6EFA179F25C9206900563B2E /* Release */ = {
			isa = XCBuildConfiguration;
			baseConfigurationReference = AEE537310602C89182193C99 /* Pods-KomoriOto.release.xcconfig */;
			buildSettings = {
				ASSETCATALOG_COMPILER_APPICON_NAME = AppIcon;
				ASSETCATALOG_COMPILER_GLOBAL_ACCENT_COLOR_NAME = AccentColor;
				CODE_SIGN_STYLE = Automatic;
				DEVELOPMENT_TEAM = Z627BW2922;
				INFOPLIST_FILE = KomoriOto/Info.plist;
				LD_RUNPATH_SEARCH_PATHS = (
					"$(inherited)",
					"@executable_path/Frameworks",
				);
				PRODUCT_BUNDLE_IDENTIFIER = com.window.KomoriOto;
				PRODUCT_NAME = "$(TARGET_NAME)";
				SWIFT_VERSION = 5.0;
				TARGETED_DEVICE_FAMILY = "1,2";
			};
			name = Release;
		};
		6EFA17A125C9206900563B2E /* Debug */ = {
			isa = XCBuildConfiguration;
			baseConfigurationReference = 22F4D2ABAF3C6176C66AAB81 /* Pods-KomoriOtoTests.debug.xcconfig */;
			buildSettings = {
				ALWAYS_EMBED_SWIFT_STANDARD_LIBRARIES = YES;
				BUNDLE_LOADER = "$(TEST_HOST)";
				CODE_SIGN_STYLE = Automatic;
				DEVELOPMENT_TEAM = Z627BW2922;
				INFOPLIST_FILE = KomoriOtoTests/Info.plist;
				IPHONEOS_DEPLOYMENT_TARGET = 14.4;
				LD_RUNPATH_SEARCH_PATHS = (
					"$(inherited)",
					"@executable_path/Frameworks",
					"@loader_path/Frameworks",
				);
				PRODUCT_BUNDLE_IDENTIFIER = com.window.KomoriOtoTests;
				PRODUCT_NAME = "$(TARGET_NAME)";
				SWIFT_VERSION = 5.0;
				TARGETED_DEVICE_FAMILY = "1,2";
				TEST_HOST = "$(BUILT_PRODUCTS_DIR)/KomoriOto.app/KomoriOto";
			};
			name = Debug;
		};
		6EFA17A225C9206900563B2E /* Release */ = {
			isa = XCBuildConfiguration;
			baseConfigurationReference = F3EAF251114046991441F444 /* Pods-KomoriOtoTests.release.xcconfig */;
			buildSettings = {
				ALWAYS_EMBED_SWIFT_STANDARD_LIBRARIES = YES;
				BUNDLE_LOADER = "$(TEST_HOST)";
				CODE_SIGN_STYLE = Automatic;
				DEVELOPMENT_TEAM = Z627BW2922;
				INFOPLIST_FILE = KomoriOtoTests/Info.plist;
				IPHONEOS_DEPLOYMENT_TARGET = 14.4;
				LD_RUNPATH_SEARCH_PATHS = (
					"$(inherited)",
					"@executable_path/Frameworks",
					"@loader_path/Frameworks",
				);
				PRODUCT_BUNDLE_IDENTIFIER = com.window.KomoriOtoTests;
				PRODUCT_NAME = "$(TARGET_NAME)";
				SWIFT_VERSION = 5.0;
				TARGETED_DEVICE_FAMILY = "1,2";
				TEST_HOST = "$(BUILT_PRODUCTS_DIR)/KomoriOto.app/KomoriOto";
			};
			name = Release;
		};
		6EFA17A425C9206900563B2E /* Debug */ = {
			isa = XCBuildConfiguration;
			baseConfigurationReference = 2E70054F3AA575210A8BD2E0 /* Pods-KomoriOto-KomoriOtoUITests.debug.xcconfig */;
			buildSettings = {
				ALWAYS_EMBED_SWIFT_STANDARD_LIBRARIES = YES;
				CODE_SIGN_STYLE = Automatic;
				DEVELOPMENT_TEAM = Z627BW2922;
				INFOPLIST_FILE = KomoriOtoUITests/Info.plist;
				LD_RUNPATH_SEARCH_PATHS = (
					"$(inherited)",
					"@executable_path/Frameworks",
					"@loader_path/Frameworks",
				);
				PRODUCT_BUNDLE_IDENTIFIER = com.window.KomoriOtoUITests;
				PRODUCT_NAME = "$(TARGET_NAME)";
				SWIFT_VERSION = 5.0;
				TARGETED_DEVICE_FAMILY = "1,2";
				TEST_TARGET_NAME = KomoriOto;
			};
			name = Debug;
		};
		6EFA17A525C9206900563B2E /* Release */ = {
			isa = XCBuildConfiguration;
			baseConfigurationReference = 239202621FA50248EB74E7F8 /* Pods-KomoriOto-KomoriOtoUITests.release.xcconfig */;
			buildSettings = {
				ALWAYS_EMBED_SWIFT_STANDARD_LIBRARIES = YES;
				CODE_SIGN_STYLE = Automatic;
				DEVELOPMENT_TEAM = Z627BW2922;
				INFOPLIST_FILE = KomoriOtoUITests/Info.plist;
				LD_RUNPATH_SEARCH_PATHS = (
					"$(inherited)",
					"@executable_path/Frameworks",
					"@loader_path/Frameworks",
				);
				PRODUCT_BUNDLE_IDENTIFIER = com.window.KomoriOtoUITests;
				PRODUCT_NAME = "$(TARGET_NAME)";
				SWIFT_VERSION = 5.0;
				TARGETED_DEVICE_FAMILY = "1,2";
				TEST_TARGET_NAME = KomoriOto;
			};
			name = Release;
		};
/* End XCBuildConfiguration section */

/* Begin XCConfigurationList section */
		6EFA176E25C9206800563B2E /* Build configuration list for PBXProject "KomoriOto" */ = {
			isa = XCConfigurationList;
			buildConfigurations = (
				6EFA179B25C9206900563B2E /* Debug */,
				6EFA179C25C9206900563B2E /* Release */,
			);
			defaultConfigurationIsVisible = 0;
			defaultConfigurationName = Release;
		};
		6EFA179D25C9206900563B2E /* Build configuration list for PBXNativeTarget "KomoriOto" */ = {
			isa = XCConfigurationList;
			buildConfigurations = (
				6EFA179E25C9206900563B2E /* Debug */,
				6EFA179F25C9206900563B2E /* Release */,
			);
			defaultConfigurationIsVisible = 0;
			defaultConfigurationName = Release;
		};
		6EFA17A025C9206900563B2E /* Build configuration list for PBXNativeTarget "KomoriOtoTests" */ = {
			isa = XCConfigurationList;
			buildConfigurations = (
				6EFA17A125C9206900563B2E /* Debug */,
				6EFA17A225C9206900563B2E /* Release */,
			);
			defaultConfigurationIsVisible = 0;
			defaultConfigurationName = Release;
		};
		6EFA17A325C9206900563B2E /* Build configuration list for PBXNativeTarget "KomoriOtoUITests" */ = {
			isa = XCConfigurationList;
			buildConfigurations = (
				6EFA17A425C9206900563B2E /* Debug */,
				6EFA17A525C9206900563B2E /* Release */,
			);
			defaultConfigurationIsVisible = 0;
			defaultConfigurationName = Release;
		};
/* End XCConfigurationList section */
	};
	rootObject = 6EFA176B25C9206800563B2E /* Project object */;
}
